// !$*UTF8*$!
{
	archiveVersion = 1;
	classes = {
	};
	objectVersion = 48;
	objects = {

/* Begin PBXBuildFile section */
		FEDDBA0E204D5C6F006DA25F /* RNAdobeAnalytics.m in Sources */ = {isa = PBXBuildFile; fileRef = FEDDBA0D204D5C6F006DA25F /* RNAdobeAnalytics.m */; };
		FEDDBA0F204D5C6F006DA25F /* RNAdobeAnalytics.h in CopyFiles */ = {isa = PBXBuildFile; fileRef = FEDDBA0C204D5C6F006DA25F /* RNAdobeAnalytics.h */; };
/* End PBXBuildFile section */

/* Begin PBXCopyFilesBuildPhase section */
		FEDDBA07204D5C6F006DA25F /* CopyFiles */ = {
			isa = PBXCopyFilesBuildPhase;
			buildActionMask = 2147483647;
			dstPath = "include/$(PRODUCT_NAME)";
			dstSubfolderSpec = 16;
			files = (
				FEDDBA0F204D5C6F006DA25F /* RNAdobeAnalytics.h in CopyFiles */,
			);
			runOnlyForDeploymentPostprocessing = 0;
		};
/* End PBXCopyFilesBuildPhase section */

/* Begin PBXFileReference section */
		FEDDBA09204D5C6F006DA25F /* libRNAdobeAnalytics.a */ = {isa = PBXFileReference; explicitFileType = archive.ar; includeInIndex = 0; path = libRNAdobeAnalytics.a; sourceTree = BUILT_PRODUCTS_DIR; };
		FEDDBA0C204D5C6F006DA25F /* RNAdobeAnalytics.h */ = {isa = PBXFileReference; lastKnownFileType = sourcecode.c.h; path = RNAdobeAnalytics.h; sourceTree = "<group>"; };
		FEDDBA0D204D5C6F006DA25F /* RNAdobeAnalytics.m */ = {isa = PBXFileReference; lastKnownFileType = sourcecode.c.objc; path = RNAdobeAnalytics.m; sourceTree = "<group>"; };
/* End PBXFileReference section */

/* Begin PBXFrameworksBuildPhase section */
		FEDDBA06204D5C6F006DA25F /* Frameworks */ = {
			isa = PBXFrameworksBuildPhase;
			buildActionMask = 2147483647;
			files = (
			);
			runOnlyForDeploymentPostprocessing = 0;
		};
/* End PBXFrameworksBuildPhase section */

/* Begin PBXGroup section */
		FEDDBA00204D5C6F006DA25F = {
			isa = PBXGroup;
			children = (
				FEDDBA0B204D5C6F006DA25F /* RNAdobeAnalytics */,
				FEDDBA0A204D5C6F006DA25F /* Products */,
			);
			sourceTree = "<group>";
		};
		FEDDBA0A204D5C6F006DA25F /* Products */ = {
			isa = PBXGroup;
			children = (
				FEDDBA09204D5C6F006DA25F /* libRNAdobeAnalytics.a */,
			);
			name = Products;
			sourceTree = "<group>";
		};
		FEDDBA0B204D5C6F006DA25F /* RNAdobeAnalytics */ = {
			isa = PBXGroup;
			children = (
				FEDDBA0C204D5C6F006DA25F /* RNAdobeAnalytics.h */,
				FEDDBA0D204D5C6F006DA25F /* RNAdobeAnalytics.m */,
			);
			path = RNAdobeAnalytics;
			sourceTree = "<group>";
		};
/* End PBXGroup section */

/* Begin PBXNativeTarget section */
		FEDDBA08204D5C6F006DA25F /* RNAdobeAnalytics */ = {
			isa = PBXNativeTarget;
			buildConfigurationList = FEDDBA12204D5C6F006DA25F /* Build configuration list for PBXNativeTarget "RNAdobeAnalytics" */;
			buildPhases = (
				FEDDBA05204D5C6F006DA25F /* Sources */,
				FEDDBA06204D5C6F006DA25F /* Frameworks */,
				FEDDBA07204D5C6F006DA25F /* CopyFiles */,
			);
			buildRules = (
			);
			dependencies = (
			);
			name = RNAdobeAnalytics;
			productName = RNAdobeAnalytics;
			productReference = FEDDBA09204D5C6F006DA25F /* libRNAdobeAnalytics.a */;
			productType = "com.apple.product-type.library.static";
		};
/* End PBXNativeTarget section */

/* Begin PBXProject section */
		FEDDBA01204D5C6F006DA25F /* Project object */ = {
			isa = PBXProject;
			attributes = {
				LastUpgradeCheck = 0920;
				ORGANIZATIONNAME = VRT;
				TargetAttributes = {
					FEDDBA08204D5C6F006DA25F = {
						CreatedOnToolsVersion = 9.2;
						ProvisioningStyle = Automatic;
					};
				};
			};
			buildConfigurationList = FEDDBA04204D5C6F006DA25F /* Build configuration list for PBXProject "RNAdobeAnalytics" */;
			compatibilityVersion = "Xcode 8.0";
			developmentRegion = en;
			hasScannedForEncodings = 0;
			knownRegions = (
				en,
			);
			mainGroup = FEDDBA00204D5C6F006DA25F;
			productRefGroup = FEDDBA0A204D5C6F006DA25F /* Products */;
			projectDirPath = "";
			projectRoot = "";
			targets = (
				FEDDBA08204D5C6F006DA25F /* RNAdobeAnalytics */,
			);
		};
/* End PBXProject section */

/* Begin PBXSourcesBuildPhase section */
		FEDDBA05204D5C6F006DA25F /* Sources */ = {
			isa = PBXSourcesBuildPhase;
			buildActionMask = 2147483647;
			files = (
				FEDDBA0E204D5C6F006DA25F /* RNAdobeAnalytics.m in Sources */,
			);
			runOnlyForDeploymentPostprocessing = 0;
		};
/* End PBXSourcesBuildPhase section */

/* Begin XCBuildConfiguration section */
		FEDDBA10204D5C6F006DA25F /* Debug */ = {
			isa = XCBuildConfiguration;
			buildSettings = {
				ALWAYS_SEARCH_USER_PATHS = NO;
				CLANG_ANALYZER_NONNULL = YES;
				CLANG_ANALYZER_NUMBER_OBJECT_CONVERSION = YES_AGGRESSIVE;
				CLANG_CXX_LANGUAGE_STANDARD = "gnu++14";
				CLANG_CXX_LIBRARY = "libc++";
				CLANG_ENABLE_MODULES = YES;
				CLANG_ENABLE_OBJC_ARC = YES;
				CLANG_WARN_BLOCK_CAPTURE_AUTORELEASING = YES;
				CLANG_WARN_BOOL_CONVERSION = YES;
				CLANG_WARN_COMMA = YES;
				CLANG_WARN_CONSTANT_CONVERSION = YES;
				CLANG_WARN_DIRECT_OBJC_ISA_USAGE = YES_ERROR;
				CLANG_WARN_DOCUMENTATION_COMMENTS = YES;
				CLANG_WARN_EMPTY_BODY = YES;
				CLANG_WARN_ENUM_CONVERSION = YES;
				CLANG_WARN_INFINITE_RECURSION = YES;
				CLANG_WARN_INT_CONVERSION = YES;
				CLANG_WARN_NON_LITERAL_NULL_CONVERSION = YES;
				CLANG_WARN_OBJC_LITERAL_CONVERSION = YES;
				CLANG_WARN_OBJC_ROOT_CLASS = YES_ERROR;
				CLANG_WARN_RANGE_LOOP_ANALYSIS = YES;
				CLANG_WARN_STRICT_PROTOTYPES = YES;
				CLANG_WARN_SUSPICIOUS_MOVE = YES;
				CLANG_WARN_UNGUARDED_AVAILABILITY = YES_AGGRESSIVE;
				CLANG_WARN_UNREACHABLE_CODE = YES;
				CLANG_WARN__DUPLICATE_METHOD_MATCH = YES;
				CODE_SIGN_IDENTITY = "iPhone Developer";
				COPY_PHASE_STRIP = NO;
				DEBUG_INFORMATION_FORMAT = dwarf;
				ENABLE_STRICT_OBJC_MSGSEND = YES;
				ENABLE_TESTABILITY = YES;
				GCC_C_LANGUAGE_STANDARD = gnu11;
				GCC_DYNAMIC_NO_PIC = NO;
				GCC_NO_COMMON_BLOCKS = YES;
				GCC_OPTIMIZATION_LEVEL = 0;
				GCC_PREPROCESSOR_DEFINITIONS = (
					"DEBUG=1",
					"$(inherited)",
				);
				GCC_WARN_64_TO_32_BIT_CONVERSION = YES;
				GCC_WARN_ABOUT_RETURN_TYPE = YES_ERROR;
				GCC_WARN_UNDECLARED_SELECTOR = YES;
				GCC_WARN_UNINITIALIZED_AUTOS = YES_AGGRESSIVE;
				GCC_WARN_UNUSED_FUNCTION = YES;
				GCC_WARN_UNUSED_VARIABLE = YES;
				IPHONEOS_DEPLOYMENT_TARGET = 9.0;
				MTL_ENABLE_DEBUG_INFO = YES;
				ONLY_ACTIVE_ARCH = YES;
				SDKROOT = iphoneos;
			};
			name = Debug;
		};
		FEDDBA11204D5C6F006DA25F /* Release */ = {
			isa = XCBuildConfiguration;
			buildSettings = {
				ALWAYS_SEARCH_USER_PATHS = NO;
				CLANG_ANALYZER_NONNULL = YES;
				CLANG_ANALYZER_NUMBER_OBJECT_CONVERSION = YES_AGGRESSIVE;
				CLANG_CXX_LANGUAGE_STANDARD = "gnu++14";
				CLANG_CXX_LIBRARY = "libc++";
				CLANG_ENABLE_MODULES = YES;
				CLANG_ENABLE_OBJC_ARC = YES;
				CLANG_WARN_BLOCK_CAPTURE_AUTORELEASING = YES;
				CLANG_WARN_BOOL_CONVERSION = YES;
				CLANG_WARN_COMMA = YES;
				CLANG_WARN_CONSTANT_CONVERSION = YES;
				CLANG_WARN_DIRECT_OBJC_ISA_USAGE = YES_ERROR;
				CLANG_WARN_DOCUMENTATION_COMMENTS = YES;
				CLANG_WARN_EMPTY_BODY = YES;
				CLANG_WARN_ENUM_CONVERSION = YES;
				CLANG_WARN_INFINITE_RECURSION = YES;
				CLANG_WARN_INT_CONVERSION = YES;
				CLANG_WARN_NON_LITERAL_NULL_CONVERSION = YES;
				CLANG_WARN_OBJC_LITERAL_CONVERSION = YES;
				CLANG_WARN_OBJC_ROOT_CLASS = YES_ERROR;
				CLANG_WARN_RANGE_LOOP_ANALYSIS = YES;
				CLANG_WARN_STRICT_PROTOTYPES = YES;
				CLANG_WARN_SUSPICIOUS_MOVE = YES;
				CLANG_WARN_UNGUARDED_AVAILABILITY = YES_AGGRESSIVE;
				CLANG_WARN_UNREACHABLE_CODE = YES;
				CLANG_WARN__DUPLICATE_METHOD_MATCH = YES;
				CODE_SIGN_IDENTITY = "iPhone Developer";
				COPY_PHASE_STRIP = NO;
				DEBUG_INFORMATION_FORMAT = "dwarf-with-dsym";
				ENABLE_NS_ASSERTIONS = NO;
				ENABLE_STRICT_OBJC_MSGSEND = YES;
				GCC_C_LANGUAGE_STANDARD = gnu11;
				GCC_NO_COMMON_BLOCKS = YES;
				GCC_WARN_64_TO_32_BIT_CONVERSION = YES;
				GCC_WARN_ABOUT_RETURN_TYPE = YES_ERROR;
				GCC_WARN_UNDECLARED_SELECTOR = YES;
				GCC_WARN_UNINITIALIZED_AUTOS = YES_AGGRESSIVE;
				GCC_WARN_UNUSED_FUNCTION = YES;
				GCC_WARN_UNUSED_VARIABLE = YES;
				IPHONEOS_DEPLOYMENT_TARGET = 9.0;
				MTL_ENABLE_DEBUG_INFO = NO;
				SDKROOT = iphoneos;
				VALIDATE_PRODUCT = YES;
			};
			name = Release;
		};
		FEDDBA13204D5C6F006DA25F /* Debug */ = {
			isa = XCBuildConfiguration;
			buildSettings = {
				CODE_SIGN_STYLE = Automatic;
				FRAMEWORK_SEARCH_PATHS = (
					"$(inherited)",
					"$(PROJECT_DIR)/../../../ios/Frameworks",
					"$(PROJECT_DIR)/../../../ios/Pods/AdobeMobileSDK/AdobeMobileLibrary",
				);
				HEADER_SEARCH_PATHS = (
					"$(SRCROOT)/../../react-native/React",
					"$(PROJECT_DIR)/../../../ios/Pods/AdobeMobileSDK/AdobeMobileLibrary",
					"$(PROJECT_DIR)/../../../ios/Frameworks",
				);
				OTHER_LDFLAGS = "-ObjC";
				PRODUCT_NAME = "$(TARGET_NAME)";
				SKIP_INSTALL = YES;
				TARGETED_DEVICE_FAMILY = "1,2";
			};
			name = Debug;
		};
		FEDDBA14204D5C6F006DA25F /* Release */ = {
			isa = XCBuildConfiguration;
			buildSettings = {
				CODE_SIGN_STYLE = Automatic;
				FRAMEWORK_SEARCH_PATHS = (
					"$(inherited)",
					"$(PROJECT_DIR)/../../../ios/Frameworks",
					"$(PROJECT_DIR)/../../../ios/Pods/AdobeMobileSDK/AdobeMobileLibrary",
				);
				HEADER_SEARCH_PATHS = (
					"$(SRCROOT)/../../react-native/React",
					"$(PROJECT_DIR)/../../../ios/Pods/AdobeMobileSDK/AdobeMobileLibrary",
					"$(PROJECT_DIR)/../../../ios/Frameworks",
				);
				OTHER_LDFLAGS = "-ObjC";
				PRODUCT_NAME = "$(TARGET_NAME)";
				SKIP_INSTALL = YES;
				TARGETED_DEVICE_FAMILY = "1,2";
			};
			name = Release;
		};
/* End XCBuildConfiguration section */

/* Begin XCConfigurationList section */
		FEDDBA04204D5C6F006DA25F /* Build configuration list for PBXProject "RNAdobeAnalytics" */ = {
			isa = XCConfigurationList;
			buildConfigurations = (
				FEDDBA10204D5C6F006DA25F /* Debug */,
				FEDDBA11204D5C6F006DA25F /* Release */,
			);
			defaultConfigurationIsVisible = 0;
			defaultConfigurationName = Release;
		};
		FEDDBA12204D5C6F006DA25F /* Build configuration list for PBXNativeTarget "RNAdobeAnalytics" */ = {
			isa = XCConfigurationList;
			buildConfigurations = (
				FEDDBA13204D5C6F006DA25F /* Debug */,
				FEDDBA14204D5C6F006DA25F /* Release */,
			);
			defaultConfigurationIsVisible = 0;
			defaultConfigurationName = Release;
		};
/* End XCConfigurationList section */
	};
	rootObject = FEDDBA01204D5C6F006DA25F /* Project object */;
}
